
Microsoft Visual Studio Solution File, Format Version 12.00
# Visual Studio Version 16
VisualStudioVersion = 25.0.1706.7
MinimumVisualStudioVersion = 10.0.40219.1
Project("{FAE04EC0-301F-11D3-BF4B-00C04F79EFBC}") = "Aoc2024", "Aoc2024\Aoc2024.csproj", "{CC8BAB90-FB74-4318-BED1-075C024352B3}"
EndProject
Global
	GlobalSection(SolutionConfigurationPlatforms) = preSolution
		Debug|Any CPU = Debug|Any CPU
		Release|Any CPU = Release|Any CPU
	EndGlobalSection
	GlobalSection(ProjectConfigurationPlatforms) = postSolution
		{CC8BAB90-FB74-4318-BED1-075C024352B3}.Debug|Any CPU.ActiveCfg = Debug|Any CPU
		{CC8BAB90-FB74-4318-BED1-075C024352B3}.Debug|Any CPU.Build.0 = Debug|Any CPU
		{CC8BAB90-FB74-4318-BED1-075C024352B3}.Release|Any CPU.ActiveCfg = Release|Any CPU
		{CC8BAB90-FB74-4318-BED1-075C024352B3}.Release|Any CPU.Build.0 = Release|Any CPU
	EndGlobalSection
	GlobalSection(SolutionProperties) = preSolution
		HideSolutionNode = FALSE
	EndGlobalSection
	GlobalSection(ExtensibilityGlobals) = postSolution
		SolutionGuid = {B3BECD59-3D9F-423E-8226-F4E62CD3A7A6}
	EndGlobalSection
EndGlobal
